// !$*UTF8*$!
{
	archiveVersion = 1;
	classes = {
	};
	objectVersion = 50;
	objects = {

/* Begin PBXBuildFile section */
		6E203D7B25FE9375004F5C6C /* AppDelegate.swift in Sources */ = {isa = PBXBuildFile; fileRef = 6E203D7A25FE9375004F5C6C /* AppDelegate.swift */; };
		6E203D7D25FE9375004F5C6C /* SceneDelegate.swift in Sources */ = {isa = PBXBuildFile; fileRef = 6E203D7C25FE9375004F5C6C /* SceneDelegate.swift */; };
		6E203D7F25FE9375004F5C6C /* ViewController.swift in Sources */ = {isa = PBXBuildFile; fileRef = 6E203D7E25FE9375004F5C6C /* ViewController.swift */; };
		6E203D8225FE9375004F5C6C /* Main.storyboard in Resources */ = {isa = PBXBuildFile; fileRef = 6E203D8025FE9375004F5C6C /* Main.storyboard */; };
		6E203D8425FE9377004F5C6C /* Assets.xcassets in Resources */ = {isa = PBXBuildFile; fileRef = 6E203D8325FE9377004F5C6C /* Assets.xcassets */; };
		6E203D8725FE9377004F5C6C /* LaunchScreen.storyboard in Resources */ = {isa = PBXBuildFile; fileRef = 6E203D8525FE9377004F5C6C /* LaunchScreen.storyboard */; };
		6E203D9225FE9378004F5C6C /* UdderTests.swift in Sources */ = {isa = PBXBuildFile; fileRef = 6E203D9125FE9378004F5C6C /* UdderTests.swift */; };
		6E203D9D25FE9378004F5C6C /* UdderUITests.swift in Sources */ = {isa = PBXBuildFile; fileRef = 6E203D9C25FE9378004F5C6C /* UdderUITests.swift */; };
/* End PBXBuildFile section */

/* Begin PBXContainerItemProxy section */
		6E203D8E25FE9378004F5C6C /* PBXContainerItemProxy */ = {
			isa = PBXContainerItemProxy;
			containerPortal = 6E203D6F25FE9375004F5C6C /* Project object */;
			proxyType = 1;
			remoteGlobalIDString = 6E203D7625FE9375004F5C6C;
			remoteInfo = Udder;
		};
		6E203D9925FE9378004F5C6C /* PBXContainerItemProxy */ = {
			isa = PBXContainerItemProxy;
			containerPortal = 6E203D6F25FE9375004F5C6C /* Project object */;
			proxyType = 1;
			remoteGlobalIDString = 6E203D7625FE9375004F5C6C;
			remoteInfo = Udder;
		};
/* End PBXContainerItemProxy section */

/* Begin PBXFileReference section */
		6E203D7725FE9375004F5C6C /* Udder.app */ = {isa = PBXFileReference; explicitFileType = wrapper.application; includeInIndex = 0; path = Udder.app; sourceTree = BUILT_PRODUCTS_DIR; };
		6E203D7A25FE9375004F5C6C /* AppDelegate.swift */ = {isa = PBXFileReference; lastKnownFileType = sourcecode.swift; path = AppDelegate.swift; sourceTree = "<group>"; };
		6E203D7C25FE9375004F5C6C /* SceneDelegate.swift */ = {isa = PBXFileReference; lastKnownFileType = sourcecode.swift; path = SceneDelegate.swift; sourceTree = "<group>"; };
		6E203D7E25FE9375004F5C6C /* ViewController.swift */ = {isa = PBXFileReference; lastKnownFileType = sourcecode.swift; path = ViewController.swift; sourceTree = "<group>"; };
		6E203D8125FE9375004F5C6C /* Base */ = {isa = PBXFileReference; lastKnownFileType = file.storyboard; name = Base; path = Base.lproj/Main.storyboard; sourceTree = "<group>"; };
		6E203D8325FE9377004F5C6C /* Assets.xcassets */ = {isa = PBXFileReference; lastKnownFileType = folder.assetcatalog; path = Assets.xcassets; sourceTree = "<group>"; };
		6E203D8625FE9377004F5C6C /* Base */ = {isa = PBXFileReference; lastKnownFileType = file.storyboard; name = Base; path = Base.lproj/LaunchScreen.storyboard; sourceTree = "<group>"; };
		6E203D8825FE9377004F5C6C /* Info.plist */ = {isa = PBXFileReference; lastKnownFileType = text.plist.xml; path = Info.plist; sourceTree = "<group>"; };
		6E203D8D25FE9378004F5C6C /* UdderTests.xctest */ = {isa = PBXFileReference; explicitFileType = wrapper.cfbundle; includeInIndex = 0; path = UdderTests.xctest; sourceTree = BUILT_PRODUCTS_DIR; };
		6E203D9125FE9378004F5C6C /* UdderTests.swift */ = {isa = PBXFileReference; lastKnownFileType = sourcecode.swift; path = UdderTests.swift; sourceTree = "<group>"; };
		6E203D9325FE9378004F5C6C /* Info.plist */ = {isa = PBXFileReference; lastKnownFileType = text.plist.xml; path = Info.plist; sourceTree = "<group>"; };
		6E203D9825FE9378004F5C6C /* UdderUITests.xctest */ = {isa = PBXFileReference; explicitFileType = wrapper.cfbundle; includeInIndex = 0; path = UdderUITests.xctest; sourceTree = BUILT_PRODUCTS_DIR; };
		6E203D9C25FE9378004F5C6C /* UdderUITests.swift */ = {isa = PBXFileReference; lastKnownFileType = sourcecode.swift; path = UdderUITests.swift; sourceTree = "<group>"; };
		6E203D9E25FE9378004F5C6C /* Info.plist */ = {isa = PBXFileReference; lastKnownFileType = text.plist.xml; path = Info.plist; sourceTree = "<group>"; };
/* End PBXFileReference section */

/* Begin PBXFrameworksBuildPhase section */
		6E203D7425FE9375004F5C6C /* Frameworks */ = {
			isa = PBXFrameworksBuildPhase;
			buildActionMask = 2147483647;
			files = (
			);
			runOnlyForDeploymentPostprocessing = 0;
		};
		6E203D8A25FE9378004F5C6C /* Frameworks */ = {
			isa = PBXFrameworksBuildPhase;
			buildActionMask = 2147483647;
			files = (
			);
			runOnlyForDeploymentPostprocessing = 0;
		};
		6E203D9525FE9378004F5C6C /* Frameworks */ = {
			isa = PBXFrameworksBuildPhase;
			buildActionMask = 2147483647;
			files = (
			);
			runOnlyForDeploymentPostprocessing = 0;
		};
/* End PBXFrameworksBuildPhase section */

/* Begin PBXGroup section */
		6E203D6E25FE9375004F5C6C = {
			isa = PBXGroup;
			children = (
				6E203D7925FE9375004F5C6C /* Udder */,
				6E203D9025FE9378004F5C6C /* UdderTests */,
				6E203D9B25FE9378004F5C6C /* UdderUITests */,
				6E203D7825FE9375004F5C6C /* Products */,
			);
			sourceTree = "<group>";
		};
		6E203D7825FE9375004F5C6C /* Products */ = {
			isa = PBXGroup;
			children = (
				6E203D7725FE9375004F5C6C /* Udder.app */,
				6E203D8D25FE9378004F5C6C /* UdderTests.xctest */,
				6E203D9825FE9378004F5C6C /* UdderUITests.xctest */,
			);
			name = Products;
			sourceTree = "<group>";
		};
		6E203D7925FE9375004F5C6C /* Udder */ = {
			isa = PBXGroup;
			children = (
				6E203D7A25FE9375004F5C6C /* AppDelegate.swift */,
				6E203D7C25FE9375004F5C6C /* SceneDelegate.swift */,
				6E203D7E25FE9375004F5C6C /* ViewController.swift */,
				6E203D8025FE9375004F5C6C /* Main.storyboard */,
				6E203D8325FE9377004F5C6C /* Assets.xcassets */,
				6E203D8525FE9377004F5C6C /* LaunchScreen.storyboard */,
				6E203D8825FE9377004F5C6C /* Info.plist */,
			);
			path = Udder;
			sourceTree = "<group>";
		};
		6E203D9025FE9378004F5C6C /* UdderTests */ = {
			isa = PBXGroup;
			children = (
				6E203D9125FE9378004F5C6C /* UdderTests.swift */,
				6E203D9325FE9378004F5C6C /* Info.plist */,
			);
			path = UdderTests;
			sourceTree = "<group>";
		};
		6E203D9B25FE9378004F5C6C /* UdderUITests */ = {
			isa = PBXGroup;
			children = (
				6E203D9C25FE9378004F5C6C /* UdderUITests.swift */,
				6E203D9E25FE9378004F5C6C /* Info.plist */,
			);
			path = UdderUITests;
			sourceTree = "<group>";
		};
/* End PBXGroup section */

/* Begin PBXNativeTarget section */
		6E203D7625FE9375004F5C6C /* Udder */ = {
			isa = PBXNativeTarget;
			buildConfigurationList = 6E203DA125FE9378004F5C6C /* Build configuration list for PBXNativeTarget "Udder" */;
			buildPhases = (
				6E203D7325FE9375004F5C6C /* Sources */,
				6E203D7425FE9375004F5C6C /* Frameworks */,
				6E203D7525FE9375004F5C6C /* Resources */,
			);
			buildRules = (
			);
			dependencies = (
			);
			name = Udder;
			productName = Udder;
			productReference = 6E203D7725FE9375004F5C6C /* Udder.app */;
			productType = "com.apple.product-type.application";
		};
		6E203D8C25FE9378004F5C6C /* UdderTests */ = {
			isa = PBXNativeTarget;
			buildConfigurationList = 6E203DA425FE9378004F5C6C /* Build configuration list for PBXNativeTarget "UdderTests" */;
			buildPhases = (
				6E203D8925FE9378004F5C6C /* Sources */,
				6E203D8A25FE9378004F5C6C /* Frameworks */,
				6E203D8B25FE9378004F5C6C /* Resources */,
			);
			buildRules = (
			);
			dependencies = (
				6E203D8F25FE9378004F5C6C /* PBXTargetDependency */,
			);
			name = UdderTests;
			productName = UdderTests;
			productReference = 6E203D8D25FE9378004F5C6C /* UdderTests.xctest */;
			productType = "com.apple.product-type.bundle.unit-test";
		};
		6E203D9725FE9378004F5C6C /* UdderUITests */ = {
			isa = PBXNativeTarget;
			buildConfigurationList = 6E203DA725FE9378004F5C6C /* Build configuration list for PBXNativeTarget "UdderUITests" */;
			buildPhases = (
				6E203D9425FE9378004F5C6C /* Sources */,
				6E203D9525FE9378004F5C6C /* Frameworks */,
				6E203D9625FE9378004F5C6C /* Resources */,
			);
			buildRules = (
			);
			dependencies = (
				6E203D9A25FE9378004F5C6C /* PBXTargetDependency */,
			);
			name = UdderUITests;
			productName = UdderUITests;
			productReference = 6E203D9825FE9378004F5C6C /* UdderUITests.xctest */;
			productType = "com.apple.product-type.bundle.ui-testing";
		};
/* End PBXNativeTarget section */

/* Begin PBXProject section */
		6E203D6F25FE9375004F5C6C /* Project object */ = {
			isa = PBXProject;
			attributes = {
				LastSwiftUpdateCheck = 1240;
				LastUpgradeCheck = 1240;
				TargetAttributes = {
					6E203D7625FE9375004F5C6C = {
						CreatedOnToolsVersion = 12.4;
					};
					6E203D8C25FE9378004F5C6C = {
						CreatedOnToolsVersion = 12.4;
						TestTargetID = 6E203D7625FE9375004F5C6C;
					};
					6E203D9725FE9378004F5C6C = {
						CreatedOnToolsVersion = 12.4;
						TestTargetID = 6E203D7625FE9375004F5C6C;
					};
				};
			};
			buildConfigurationList = 6E203D7225FE9375004F5C6C /* Build configuration list for PBXProject "Udder" */;
			compatibilityVersion = "Xcode 9.3";
			developmentRegion = en;
			hasScannedForEncodings = 0;
			knownRegions = (
				en,
				Base,
			);
			mainGroup = 6E203D6E25FE9375004F5C6C;
			productRefGroup = 6E203D7825FE9375004F5C6C /* Products */;
			projectDirPath = "";
			projectRoot = "";
			targets = (
				6E203D7625FE9375004F5C6C /* Udder */,
				6E203D8C25FE9378004F5C6C /* UdderTests */,
				6E203D9725FE9378004F5C6C /* UdderUITests */,
			);
		};
/* End PBXProject section */

/* Begin PBXResourcesBuildPhase section */
		6E203D7525FE9375004F5C6C /* Resources */ = {
			isa = PBXResourcesBuildPhase;
			buildActionMask = 2147483647;
			files = (
				6E203D8725FE9377004F5C6C /* LaunchScreen.storyboard in Resources */,
				6E203D8425FE9377004F5C6C /* Assets.xcassets in Resources */,
				6E203D8225FE9375004F5C6C /* Main.storyboard in Resources */,
			);
			runOnlyForDeploymentPostprocessing = 0;
		};
		6E203D8B25FE9378004F5C6C /* Resources */ = {
			isa = PBXResourcesBuildPhase;
			buildActionMask = 2147483647;
			files = (
			);
			runOnlyForDeploymentPostprocessing = 0;
		};
		6E203D9625FE9378004F5C6C /* Resources */ = {
			isa = PBXResourcesBuildPhase;
			buildActionMask = 2147483647;
			files = (
			);
			runOnlyForDeploymentPostprocessing = 0;
		};
/* End PBXResourcesBuildPhase section */

/* Begin PBXSourcesBuildPhase section */
		6E203D7325FE9375004F5C6C /* Sources */ = {
			isa = PBXSourcesBuildPhase;
			buildActionMask = 2147483647;
			files = (
				6E203D7F25FE9375004F5C6C /* ViewController.swift in Sources */,
				6E203D7B25FE9375004F5C6C /* AppDelegate.swift in Sources */,
				6E203D7D25FE9375004F5C6C /* SceneDelegate.swift in Sources */,
			);
			runOnlyForDeploymentPostprocessing = 0;
		};
		6E203D8925FE9378004F5C6C /* Sources */ = {
			isa = PBXSourcesBuildPhase;
			buildActionMask = 2147483647;
			files = (
				6E203D9225FE9378004F5C6C /* UdderTests.swift in Sources */,
			);
			runOnlyForDeploymentPostprocessing = 0;
		};
		6E203D9425FE9378004F5C6C /* Sources */ = {
			isa = PBXSourcesBuildPhase;
			buildActionMask = 2147483647;
			files = (
				6E203D9D25FE9378004F5C6C /* UdderUITests.swift in Sources */,
			);
			runOnlyForDeploymentPostprocessing = 0;
		};
/* End PBXSourcesBuildPhase section */

/* Begin PBXTargetDependency section */
		6E203D8F25FE9378004F5C6C /* PBXTargetDependency */ = {
			isa = PBXTargetDependency;
			target = 6E203D7625FE9375004F5C6C /* Udder */;
			targetProxy = 6E203D8E25FE9378004F5C6C /* PBXContainerItemProxy */;
		};
		6E203D9A25FE9378004F5C6C /* PBXTargetDependency */ = {
			isa = PBXTargetDependency;
			target = 6E203D7625FE9375004F5C6C /* Udder */;
			targetProxy = 6E203D9925FE9378004F5C6C /* PBXContainerItemProxy */;
		};
/* End PBXTargetDependency section */

/* Begin PBXVariantGroup section */
		6E203D8025FE9375004F5C6C /* Main.storyboard */ = {
			isa = PBXVariantGroup;
			children = (
				6E203D8125FE9375004F5C6C /* Base */,
			);
			name = Main.storyboard;
			sourceTree = "<group>";
		};
		6E203D8525FE9377004F5C6C /* LaunchScreen.storyboard */ = {
			isa = PBXVariantGroup;
			children = (
				6E203D8625FE9377004F5C6C /* Base */,
			);
			name = LaunchScreen.storyboard;
			sourceTree = "<group>";
		};
/* End PBXVariantGroup section */

/* Begin XCBuildConfiguration section */
		6E203D9F25FE9378004F5C6C /* Debug */ = {
			isa = XCBuildConfiguration;
			buildSettings = {
				ALWAYS_SEARCH_USER_PATHS = NO;
				CLANG_ANALYZER_NONNULL = YES;
				CLANG_ANALYZER_NUMBER_OBJECT_CONVERSION = YES_AGGRESSIVE;
				CLANG_CXX_LANGUAGE_STANDARD = "gnu++14";
				CLANG_CXX_LIBRARY = "libc++";
				CLANG_ENABLE_MODULES = YES;
				CLANG_ENABLE_OBJC_ARC = YES;
				CLANG_ENABLE_OBJC_WEAK = YES;
				CLANG_WARN_BLOCK_CAPTURE_AUTORELEASING = YES;
				CLANG_WARN_BOOL_CONVERSION = YES;
				CLANG_WARN_COMMA = YES;
				CLANG_WARN_CONSTANT_CONVERSION = YES;
				CLANG_WARN_DEPRECATED_OBJC_IMPLEMENTATIONS = YES;
				CLANG_WARN_DIRECT_OBJC_ISA_USAGE = YES_ERROR;
				CLANG_WARN_DOCUMENTATION_COMMENTS = YES;
				CLANG_WARN_EMPTY_BODY = YES;
				CLANG_WARN_ENUM_CONVERSION = YES;
				CLANG_WARN_INFINITE_RECURSION = YES;
				CLANG_WARN_INT_CONVERSION = YES;
				CLANG_WARN_NON_LITERAL_NULL_CONVERSION = YES;
				CLANG_WARN_OBJC_IMPLICIT_RETAIN_SELF = YES;
				CLANG_WARN_OBJC_LITERAL_CONVERSION = YES;
				CLANG_WARN_OBJC_ROOT_CLASS = YES_ERROR;
				CLANG_WARN_QUOTED_INCLUDE_IN_FRAMEWORK_HEADER = YES;
				CLANG_WARN_RANGE_LOOP_ANALYSIS = YES;
				CLANG_WARN_STRICT_PROTOTYPES = YES;
				CLANG_WARN_SUSPICIOUS_MOVE = YES;
				CLANG_WARN_UNGUARDED_AVAILABILITY = YES_AGGRESSIVE;
				CLANG_WARN_UNREACHABLE_CODE = YES;
				CLANG_WARN__DUPLICATE_METHOD_MATCH = YES;
				COPY_PHASE_STRIP = NO;
				DEBUG_INFORMATION_FORMAT = dwarf;
				ENABLE_STRICT_OBJC_MSGSEND = YES;
				ENABLE_TESTABILITY = YES;
				GCC_C_LANGUAGE_STANDARD = gnu11;
				GCC_DYNAMIC_NO_PIC = NO;
				GCC_NO_COMMON_BLOCKS = YES;
				GCC_OPTIMIZATION_LEVEL = 0;
				GCC_PREPROCESSOR_DEFINITIONS = (
					"DEBUG=1",
					"$(inherited)",
				);
				GCC_WARN_64_TO_32_BIT_CONVERSION = YES;
				GCC_WARN_ABOUT_RETURN_TYPE = YES_ERROR;
				GCC_WARN_UNDECLARED_SELECTOR = YES;
				GCC_WARN_UNINITIALIZED_AUTOS = YES_AGGRESSIVE;
				GCC_WARN_UNUSED_FUNCTION = YES;
				GCC_WARN_UNUSED_VARIABLE = YES;
				IPHONEOS_DEPLOYMENT_TARGET = 14.4;
				MTL_ENABLE_DEBUG_INFO = INCLUDE_SOURCE;
				MTL_FAST_MATH = YES;
				ONLY_ACTIVE_ARCH = YES;
				SDKROOT = iphoneos;
				SWIFT_ACTIVE_COMPILATION_CONDITIONS = DEBUG;
				SWIFT_OPTIMIZATION_LEVEL = "-Onone";
			};
			name = Debug;
		};
		6E203DA025FE9378004F5C6C /* Release */ = {
			isa = XCBuildConfiguration;
			buildSettings = {
				ALWAYS_SEARCH_USER_PATHS = NO;
				CLANG_ANALYZER_NONNULL = YES;
				CLANG_ANALYZER_NUMBER_OBJECT_CONVERSION = YES_AGGRESSIVE;
				CLANG_CXX_LANGUAGE_STANDARD = "gnu++14";
				CLANG_CXX_LIBRARY = "libc++";
				CLANG_ENABLE_MODULES = YES;
				CLANG_ENABLE_OBJC_ARC = YES;
				CLANG_ENABLE_OBJC_WEAK = YES;
				CLANG_WARN_BLOCK_CAPTURE_AUTORELEASING = YES;
				CLANG_WARN_BOOL_CONVERSION = YES;
				CLANG_WARN_COMMA = YES;
				CLANG_WARN_CONSTANT_CONVERSION = YES;
				CLANG_WARN_DEPRECATED_OBJC_IMPLEMENTATIONS = YES;
				CLANG_WARN_DIRECT_OBJC_ISA_USAGE = YES_ERROR;
				CLANG_WARN_DOCUMENTATION_COMMENTS = YES;
				CLANG_WARN_EMPTY_BODY = YES;
				CLANG_WARN_ENUM_CONVERSION = YES;
				CLANG_WARN_INFINITE_RECURSION = YES;
				CLANG_WARN_INT_CONVERSION = YES;
				CLANG_WARN_NON_LITERAL_NULL_CONVERSION = YES;
				CLANG_WARN_OBJC_IMPLICIT_RETAIN_SELF = YES;
				CLANG_WARN_OBJC_LITERAL_CONVERSION = YES;
				CLANG_WARN_OBJC_ROOT_CLASS = YES_ERROR;
				CLANG_WARN_QUOTED_INCLUDE_IN_FRAMEWORK_HEADER = YES;
				CLANG_WARN_RANGE_LOOP_ANALYSIS = YES;
				CLANG_WARN_STRICT_PROTOTYPES = YES;
				CLANG_WARN_SUSPICIOUS_MOVE = YES;
				CLANG_WARN_UNGUARDED_AVAILABILITY = YES_AGGRESSIVE;
				CLANG_WARN_UNREACHABLE_CODE = YES;
				CLANG_WARN__DUPLICATE_METHOD_MATCH = YES;
				COPY_PHASE_STRIP = NO;
				DEBUG_INFORMATION_FORMAT = "dwarf-with-dsym";
				ENABLE_NS_ASSERTIONS = NO;
				ENABLE_STRICT_OBJC_MSGSEND = YES;
				GCC_C_LANGUAGE_STANDARD = gnu11;
				GCC_NO_COMMON_BLOCKS = YES;
				GCC_WARN_64_TO_32_BIT_CONVERSION = YES;
				GCC_WARN_ABOUT_RETURN_TYPE = YES_ERROR;
				GCC_WARN_UNDECLARED_SELECTOR = YES;
				GCC_WARN_UNINITIALIZED_AUTOS = YES_AGGRESSIVE;
				GCC_WARN_UNUSED_FUNCTION = YES;
				GCC_WARN_UNUSED_VARIABLE = YES;
				IPHONEOS_DEPLOYMENT_TARGET = 14.4;
				MTL_ENABLE_DEBUG_INFO = NO;
				MTL_FAST_MATH = YES;
				SDKROOT = iphoneos;
				SWIFT_COMPILATION_MODE = wholemodule;
				SWIFT_OPTIMIZATION_LEVEL = "-O";
				VALIDATE_PRODUCT = YES;
			};
			name = Release;
		};
		6E203DA225FE9378004F5C6C /* Debug */ = {
			isa = XCBuildConfiguration;
			buildSettings = {
				ASSETCATALOG_COMPILER_APPICON_NAME = AppIcon;
				ASSETCATALOG_COMPILER_GLOBAL_ACCENT_COLOR_NAME = AccentColor;
				CODE_SIGN_STYLE = Automatic;
				INFOPLIST_FILE = Udder/Info.plist;
				LD_RUNPATH_SEARCH_PATHS = (
					"$(inherited)",
					"@executable_path/Frameworks",
				);
				PRODUCT_BUNDLE_IDENTIFIER = iamrich.Udder;
				PRODUCT_NAME = "$(TARGET_NAME)";
				SWIFT_VERSION = 5.0;
				TARGETED_DEVICE_FAMILY = "1,2";
			};
			name = Debug;
		};
		6E203DA325FE9378004F5C6C /* Release */ = {
			isa = XCBuildConfiguration;
			buildSettings = {
				ASSETCATALOG_COMPILER_APPICON_NAME = AppIcon;
				ASSETCATALOG_COMPILER_GLOBAL_ACCENT_COLOR_NAME = AccentColor;
				CODE_SIGN_STYLE = Automatic;
				INFOPLIST_FILE = Udder/Info.plist;
				LD_RUNPATH_SEARCH_PATHS = (
					"$(inherited)",
					"@executable_path/Frameworks",
				);
				PRODUCT_BUNDLE_IDENTIFIER = iamrich.Udder;
				PRODUCT_NAME = "$(TARGET_NAME)";
				SWIFT_VERSION = 5.0;
				TARGETED_DEVICE_FAMILY = "1,2";
			};
			name = Release;
		};
		6E203DA525FE9378004F5C6C /* Debug */ = {
			isa = XCBuildConfiguration;
			buildSettings = {
				ALWAYS_EMBED_SWIFT_STANDARD_LIBRARIES = YES;
				BUNDLE_LOADER = "$(TEST_HOST)";
				CODE_SIGN_STYLE = Automatic;
				INFOPLIST_FILE = UdderTests/Info.plist;
				IPHONEOS_DEPLOYMENT_TARGET = 14.4;
				LD_RUNPATH_SEARCH_PATHS = (
					"$(inherited)",
					"@executable_path/Frameworks",
					"@loader_path/Frameworks",
				);
				PRODUCT_BUNDLE_IDENTIFIER = iamrich.UdderTests;
				PRODUCT_NAME = "$(TARGET_NAME)";
				SWIFT_VERSION = 5.0;
				TARGETED_DEVICE_FAMILY = "1,2";
				TEST_HOST = "$(BUILT_PRODUCTS_DIR)/Udder.app/Udder";
			};
			name = Debug;
		};
		6E203DA625FE9378004F5C6C /* Release */ = {
			isa = XCBuildConfiguration;
			buildSettings = {
				ALWAYS_EMBED_SWIFT_STANDARD_LIBRARIES = YES;
				BUNDLE_LOADER = "$(TEST_HOST)";
				CODE_SIGN_STYLE = Automatic;
				INFOPLIST_FILE = UdderTests/Info.plist;
				IPHONEOS_DEPLOYMENT_TARGET = 14.4;
				LD_RUNPATH_SEARCH_PATHS = (
					"$(inherited)",
					"@executable_path/Frameworks",
					"@loader_path/Frameworks",
				);
				PRODUCT_BUNDLE_IDENTIFIER = iamrich.UdderTests;
				PRODUCT_NAME = "$(TARGET_NAME)";
				SWIFT_VERSION = 5.0;
				TARGETED_DEVICE_FAMILY = "1,2";
				TEST_HOST = "$(BUILT_PRODUCTS_DIR)/Udder.app/Udder";
			};
			name = Release;
		};
		6E203DA825FE9378004F5C6C /* Debug */ = {
			isa = XCBuildConfiguration;
			buildSettings = {
				ALWAYS_EMBED_SWIFT_STANDARD_LIBRARIES = YES;
				CODE_SIGN_STYLE = Automatic;
				INFOPLIST_FILE = UdderUITests/Info.plist;
				LD_RUNPATH_SEARCH_PATHS = (
					"$(inherited)",
					"@executable_path/Frameworks",
					"@loader_path/Frameworks",
				);
				PRODUCT_BUNDLE_IDENTIFIER = iamrich.UdderUITests;
				PRODUCT_NAME = "$(TARGET_NAME)";
				SWIFT_VERSION = 5.0;
				TARGETED_DEVICE_FAMILY = "1,2";
				TEST_TARGET_NAME = Udder;
			};
			name = Debug;
		};
		6E203DA925FE9378004F5C6C /* Release */ = {
			isa = XCBuildConfiguration;
			buildSettings = {
				ALWAYS_EMBED_SWIFT_STANDARD_LIBRARIES = YES;
				CODE_SIGN_STYLE = Automatic;
				INFOPLIST_FILE = UdderUITests/Info.plist;
				LD_RUNPATH_SEARCH_PATHS = (
					"$(inherited)",
					"@executable_path/Frameworks",
					"@loader_path/Frameworks",
				);
				PRODUCT_BUNDLE_IDENTIFIER = iamrich.UdderUITests;
				PRODUCT_NAME = "$(TARGET_NAME)";
				SWIFT_VERSION = 5.0;
				TARGETED_DEVICE_FAMILY = "1,2";
				TEST_TARGET_NAME = Udder;
			};
			name = Release;
		};
/* End XCBuildConfiguration section */

/* Begin XCConfigurationList section */
		6E203D7225FE9375004F5C6C /* Build configuration list for PBXProject "Udder" */ = {
			isa = XCConfigurationList;
			buildConfigurations = (
				6E203D9F25FE9378004F5C6C /* Debug */,
				6E203DA025FE9378004F5C6C /* Release */,
			);
			defaultConfigurationIsVisible = 0;
			defaultConfigurationName = Release;
		};
		6E203DA125FE9378004F5C6C /* Build configuration list for PBXNativeTarget "Udder" */ = {
			isa = XCConfigurationList;
			buildConfigurations = (
				6E203DA225FE9378004F5C6C /* Debug */,
				6E203DA325FE9378004F5C6C /* Release */,
			);
			defaultConfigurationIsVisible = 0;
			defaultConfigurationName = Release;
		};
		6E203DA425FE9378004F5C6C /* Build configuration list for PBXNativeTarget "UdderTests" */ = {
			isa = XCConfigurationList;
			buildConfigurations = (
				6E203DA525FE9378004F5C6C /* Debug */,
				6E203DA625FE9378004F5C6C /* Release */,
			);
			defaultConfigurationIsVisible = 0;
			defaultConfigurationName = Release;
		};
		6E203DA725FE9378004F5C6C /* Build configuration list for PBXNativeTarget "UdderUITests" */ = {
			isa = XCConfigurationList;
			buildConfigurations = (
				6E203DA825FE9378004F5C6C /* Debug */,
				6E203DA925FE9378004F5C6C /* Release */,
			);
			defaultConfigurationIsVisible = 0;
			defaultConfigurationName = Release;
		};
/* End XCConfigurationList section */
	};
	rootObject = 6E203D6F25FE9375004F5C6C /* Project object */;
}
